
Microsoft Visual Studio Solution File, Format Version 11.00
# Visual Studio 2010
Project("{FAE04EC0-301F-11D3-BF4B-00C04F79EFBC}") = "RisingTide", "RisingTide\RisingTide.csproj", "{0E779C7C-EBB5-416E-8A94-D74E306E2C25}"
EndProject
Project("{FAE04EC0-301F-11D3-BF4B-00C04F79EFBC}") = "RisingTide.Specs", "RisingTide.Specs\RisingTide.Specs.csproj", "{BCF701D8-267F-43E4-81D4-21D712C82C3E}"
EndProject
Global
	GlobalSection(SolutionConfigurationPlatforms) = preSolution
		Debug|Any CPU = Debug|Any CPU
		Release|Any CPU = Release|Any CPU
	EndGlobalSection
	GlobalSection(ProjectConfigurationPlatforms) = postSolution
		{0E779C7C-EBB5-416E-8A94-D74E306E2C25}.Debug|Any CPU.ActiveCfg = Debug|Any CPU
		{0E779C7C-EBB5-416E-8A94-D74E306E2C25}.Debug|Any CPU.Build.0 = Debug|Any CPU
		{0E779C7C-EBB5-416E-8A94-D74E306E2C25}.Release|Any CPU.ActiveCfg = Release|Any CPU
		{0E779C7C-EBB5-416E-8A94-D74E306E2C25}.Release|Any CPU.Build.0 = Release|Any CPU
		{BCF701D8-267F-43E4-81D4-21D712C82C3E}.Debug|Any CPU.ActiveCfg = Debug|Any CPU
		{BCF701D8-267F-43E4-81D4-21D712C82C3E}.Debug|Any CPU.Build.0 = Debug|Any CPU
		{BCF701D8-267F-43E4-81D4-21D712C82C3E}.Release|Any CPU.ActiveCfg = Release|Any CPU
		{BCF701D8-267F-43E4-81D4-21D712C82C3E}.Release|Any CPU.Build.0 = Release|Any CPU
	EndGlobalSection
	GlobalSection(SolutionProperties) = preSolution
		HideSolutionNode = FALSE
	EndGlobalSection
EndGlobal
